// !$*UTF8*$!
{
	archiveVersion = 1;
	classes = {
	};
	objectVersion = 77;
	objects = {

/* Begin PBXBuildFile section */
		5E8479D02D4D1F8800D22C95 /* RealmSwift in Frameworks */ = {isa = PBXBuildFile; productRef = 5E8479CF2D4D1F8800D22C95 /* RealmSwift */; };
		5E8479D12D4D1F8800D22C95 /* RealmSwift in Embed Frameworks */ = {isa = PBXBuildFile; productRef = 5E8479CF2D4D1F8800D22C95 /* RealmSwift */; settings = {ATTRIBUTES = (CodeSignOnCopy, ); }; };
		5E8479D72D4D268100D22C95 /* Alamofire in Frameworks */ = {isa = PBXBuildFile; productRef = 5E8479D62D4D268100D22C95 /* Alamofire */; };
		5E8479E42D4EA3E200D22C95 /* SnapshotTesting in Frameworks */ = {isa = PBXBuildFile; productRef = 5E8479E32D4EA3E200D22C95 /* SnapshotTesting */; };
/* End PBXBuildFile section */

/* Begin PBXContainerItemProxy section */
		5E8479932D4D1AF100D22C95 /* PBXContainerItemProxy */ = {
			isa = PBXContainerItemProxy;
			containerPortal = 5E8479792D4D1AEF00D22C95 /* Project object */;
			proxyType = 1;
			remoteGlobalIDString = 5E8479802D4D1AEF00D22C95;
			remoteInfo = ApodChallenge;
		};
		5E84799D2D4D1AF100D22C95 /* PBXContainerItemProxy */ = {
			isa = PBXContainerItemProxy;
			containerPortal = 5E8479792D4D1AEF00D22C95 /* Project object */;
			proxyType = 1;
			remoteGlobalIDString = 5E8479802D4D1AEF00D22C95;
			remoteInfo = ApodChallenge;
		};
/* End PBXContainerItemProxy section */

/* Begin PBXCopyFilesBuildPhase section */
		5E8479D22D4D1F8800D22C95 /* Embed Frameworks */ = {
			isa = PBXCopyFilesBuildPhase;
			buildActionMask = 2147483647;
			dstPath = "";
			dstSubfolderSpec = 10;
			files = (
				5E8479D12D4D1F8800D22C95 /* RealmSwift in Embed Frameworks */,
			);
			name = "Embed Frameworks";
			runOnlyForDeploymentPostprocessing = 0;
		};
/* End PBXCopyFilesBuildPhase section */

/* Begin PBXFileReference section */
		5E8479812D4D1AEF00D22C95 /* ApodChallenge.app */ = {isa = PBXFileReference; explicitFileType = wrapper.application; includeInIndex = 0; path = ApodChallenge.app; sourceTree = BUILT_PRODUCTS_DIR; };
		5E8479922D4D1AF100D22C95 /* ApodChallengeTests.xctest */ = {isa = PBXFileReference; explicitFileType = wrapper.cfbundle; includeInIndex = 0; path = ApodChallengeTests.xctest; sourceTree = BUILT_PRODUCTS_DIR; };
		5E84799C2D4D1AF100D22C95 /* ApodChallengeUITests.xctest */ = {isa = PBXFileReference; explicitFileType = wrapper.cfbundle; includeInIndex = 0; path = ApodChallengeUITests.xctest; sourceTree = BUILT_PRODUCTS_DIR; };
/* End PBXFileReference section */

/* Begin PBXFileSystemSynchronizedBuildFileExceptionSet section */
		5E8479D92D4D279E00D22C95 /* Exceptions for "ApodChallenge" folder in "ApodChallenge" target */ = {
			isa = PBXFileSystemSynchronizedBuildFileExceptionSet;
			membershipExceptions = (
				Info.plist,
			);
			target = 5E8479802D4D1AEF00D22C95 /* ApodChallenge */;
		};
/* End PBXFileSystemSynchronizedBuildFileExceptionSet section */

/* Begin PBXFileSystemSynchronizedRootGroup section */
		5E8479832D4D1AEF00D22C95 /* ApodChallenge */ = {
			isa = PBXFileSystemSynchronizedRootGroup;
			exceptions = (
				5E8479D92D4D279E00D22C95 /* Exceptions for "ApodChallenge" folder in "ApodChallenge" target */,
			);
			path = ApodChallenge;
			sourceTree = "<group>";
		};
		5E8479952D4D1AF100D22C95 /* ApodChallengeTests */ = {
			isa = PBXFileSystemSynchronizedRootGroup;
			path = ApodChallengeTests;
			sourceTree = "<group>";
		};
		5E84799F2D4D1AF100D22C95 /* ApodChallengeUITests */ = {
			isa = PBXFileSystemSynchronizedRootGroup;
			path = ApodChallengeUITests;
			sourceTree = "<group>";
		};
/* End PBXFileSystemSynchronizedRootGroup section */

/* Begin PBXFrameworksBuildPhase section */
		5E84797E2D4D1AEF00D22C95 /* Frameworks */ = {
			isa = PBXFrameworksBuildPhase;
			buildActionMask = 2147483647;
			files = (
				5E8479D02D4D1F8800D22C95 /* RealmSwift in Frameworks */,
				5E8479D72D4D268100D22C95 /* Alamofire in Frameworks */,
			);
			runOnlyForDeploymentPostprocessing = 0;
		};
		5E84798F2D4D1AF100D22C95 /* Frameworks */ = {
			isa = PBXFrameworksBuildPhase;
			buildActionMask = 2147483647;
			files = (
			);
			runOnlyForDeploymentPostprocessing = 0;
		};
		5E8479992D4D1AF100D22C95 /* Frameworks */ = {
			isa = PBXFrameworksBuildPhase;
			buildActionMask = 2147483647;
			files = (
				5E8479E42D4EA3E200D22C95 /* SnapshotTesting in Frameworks */,
			);
			runOnlyForDeploymentPostprocessing = 0;
		};
/* End PBXFrameworksBuildPhase section */

/* Begin PBXGroup section */
		5E8479782D4D1AEF00D22C95 = {
			isa = PBXGroup;
			children = (
				5E8479832D4D1AEF00D22C95 /* ApodChallenge */,
				5E8479952D4D1AF100D22C95 /* ApodChallengeTests */,
				5E84799F2D4D1AF100D22C95 /* ApodChallengeUITests */,
				5E8479CE2D4D1F8800D22C95 /* Frameworks */,
				5E8479822D4D1AEF00D22C95 /* Products */,
			);
			sourceTree = "<group>";
		};
		5E8479822D4D1AEF00D22C95 /* Products */ = {
			isa = PBXGroup;
			children = (
				5E8479812D4D1AEF00D22C95 /* ApodChallenge.app */,
				5E8479922D4D1AF100D22C95 /* ApodChallengeTests.xctest */,
				5E84799C2D4D1AF100D22C95 /* ApodChallengeUITests.xctest */,
			);
			name = Products;
			sourceTree = "<group>";
		};
		5E8479CE2D4D1F8800D22C95 /* Frameworks */ = {
			isa = PBXGroup;
			children = (
			);
			name = Frameworks;
			sourceTree = "<group>";
		};
/* End PBXGroup section */

/* Begin PBXNativeTarget section */
		5E8479802D4D1AEF00D22C95 /* ApodChallenge */ = {
			isa = PBXNativeTarget;
			buildConfigurationList = 5E8479A62D4D1AF100D22C95 /* Build configuration list for PBXNativeTarget "ApodChallenge" */;
			buildPhases = (
				5E84797D2D4D1AEF00D22C95 /* Sources */,
				5E84797E2D4D1AEF00D22C95 /* Frameworks */,
				5E84797F2D4D1AEF00D22C95 /* Resources */,
				5E8479D22D4D1F8800D22C95 /* Embed Frameworks */,
			);
			buildRules = (
			);
			dependencies = (
			);
			fileSystemSynchronizedGroups = (
				5E8479832D4D1AEF00D22C95 /* ApodChallenge */,
			);
			name = ApodChallenge;
			packageProductDependencies = (
				5E8479CF2D4D1F8800D22C95 /* RealmSwift */,
				5E8479D62D4D268100D22C95 /* Alamofire */,
			);
			productName = ApodChallenge;
			productReference = 5E8479812D4D1AEF00D22C95 /* ApodChallenge.app */;
			productType = "com.apple.product-type.application";
		};
		5E8479912D4D1AF100D22C95 /* ApodChallengeTests */ = {
			isa = PBXNativeTarget;
			buildConfigurationList = 5E8479A92D4D1AF100D22C95 /* Build configuration list for PBXNativeTarget "ApodChallengeTests" */;
			buildPhases = (
				5E84798E2D4D1AF100D22C95 /* Sources */,
				5E84798F2D4D1AF100D22C95 /* Frameworks */,
				5E8479902D4D1AF100D22C95 /* Resources */,
			);
			buildRules = (
			);
			dependencies = (
				5E8479942D4D1AF100D22C95 /* PBXTargetDependency */,
			);
			fileSystemSynchronizedGroups = (
				5E8479952D4D1AF100D22C95 /* ApodChallengeTests */,
			);
			name = ApodChallengeTests;
			packageProductDependencies = (
			);
			productName = ApodChallengeTests;
			productReference = 5E8479922D4D1AF100D22C95 /* ApodChallengeTests.xctest */;
			productType = "com.apple.product-type.bundle.unit-test";
		};
		5E84799B2D4D1AF100D22C95 /* ApodChallengeUITests */ = {
			isa = PBXNativeTarget;
			buildConfigurationList = 5E8479AC2D4D1AF100D22C95 /* Build configuration list for PBXNativeTarget "ApodChallengeUITests" */;
			buildPhases = (
				5E8479982D4D1AF100D22C95 /* Sources */,
				5E8479992D4D1AF100D22C95 /* Frameworks */,
				5E84799A2D4D1AF100D22C95 /* Resources */,
			);
			buildRules = (
			);
			dependencies = (
				5E84799E2D4D1AF100D22C95 /* PBXTargetDependency */,
			);
			fileSystemSynchronizedGroups = (
				5E84799F2D4D1AF100D22C95 /* ApodChallengeUITests */,
			);
			name = ApodChallengeUITests;
			packageProductDependencies = (
				5E8479E32D4EA3E200D22C95 /* SnapshotTesting */,
			);
			productName = ApodChallengeUITests;
			productReference = 5E84799C2D4D1AF100D22C95 /* ApodChallengeUITests.xctest */;
			productType = "com.apple.product-type.bundle.ui-testing";
		};
/* End PBXNativeTarget section */

/* Begin PBXProject section */
		5E8479792D4D1AEF00D22C95 /* Project object */ = {
			isa = PBXProject;
			attributes = {
				BuildIndependentTargetsInParallel = 1;
				LastSwiftUpdateCheck = 1620;
				LastUpgradeCheck = 1620;
				TargetAttributes = {
					5E8479802D4D1AEF00D22C95 = {
						CreatedOnToolsVersion = 16.2;
					};
					5E8479912D4D1AF100D22C95 = {
						CreatedOnToolsVersion = 16.2;
						TestTargetID = 5E8479802D4D1AEF00D22C95;
					};
					5E84799B2D4D1AF100D22C95 = {
						CreatedOnToolsVersion = 16.2;
						TestTargetID = 5E8479802D4D1AEF00D22C95;
					};
				};
			};
			buildConfigurationList = 5E84797C2D4D1AEF00D22C95 /* Build configuration list for PBXProject "ApodChallenge" */;
			developmentRegion = en;
			hasScannedForEncodings = 0;
			knownRegions = (
				en,
				Base,
			);
			mainGroup = 5E8479782D4D1AEF00D22C95;
			minimizedProjectReferenceProxies = 1;
			packageReferences = (
				5E8479CD2D4D1F7100D22C95 /* XCRemoteSwiftPackageReference "realm-swift" */,
				5E8479D52D4D268100D22C95 /* XCRemoteSwiftPackageReference "Alamofire" */,
				5E8479E22D4EA3E200D22C95 /* XCRemoteSwiftPackageReference "swift-snapshot-testing" */,
			);
			preferredProjectObjectVersion = 77;
			productRefGroup = 5E8479822D4D1AEF00D22C95 /* Products */;
			projectDirPath = "";
			projectRoot = "";
			targets = (
				5E8479802D4D1AEF00D22C95 /* ApodChallenge */,
				5E8479912D4D1AF100D22C95 /* ApodChallengeTests */,
				5E84799B2D4D1AF100D22C95 /* ApodChallengeUITests */,
			);
		};
/* End PBXProject section */

/* Begin PBXResourcesBuildPhase section */
		5E84797F2D4D1AEF00D22C95 /* Resources */ = {
			isa = PBXResourcesBuildPhase;
			buildActionMask = 2147483647;
			files = (
			);
			runOnlyForDeploymentPostprocessing = 0;
		};
		5E8479902D4D1AF100D22C95 /* Resources */ = {
			isa = PBXResourcesBuildPhase;
			buildActionMask = 2147483647;
			files = (
			);
			runOnlyForDeploymentPostprocessing = 0;
		};
		5E84799A2D4D1AF100D22C95 /* Resources */ = {
			isa = PBXResourcesBuildPhase;
			buildActionMask = 2147483647;
			files = (
			);
			runOnlyForDeploymentPostprocessing = 0;
		};
/* End PBXResourcesBuildPhase section */

/* Begin PBXSourcesBuildPhase section */
		5E84797D2D4D1AEF00D22C95 /* Sources */ = {
			isa = PBXSourcesBuildPhase;
			buildActionMask = 2147483647;
			files = (
			);
			runOnlyForDeploymentPostprocessing = 0;
		};
		5E84798E2D4D1AF100D22C95 /* Sources */ = {
			isa = PBXSourcesBuildPhase;
			buildActionMask = 2147483647;
			files = (
			);
			runOnlyForDeploymentPostprocessing = 0;
		};
		5E8479982D4D1AF100D22C95 /* Sources */ = {
			isa = PBXSourcesBuildPhase;
			buildActionMask = 2147483647;
			files = (
			);
			runOnlyForDeploymentPostprocessing = 0;
		};
/* End PBXSourcesBuildPhase section */

/* Begin PBXTargetDependency section */
		5E8479942D4D1AF100D22C95 /* PBXTargetDependency */ = {
			isa = PBXTargetDependency;
			target = 5E8479802D4D1AEF00D22C95 /* ApodChallenge */;
			targetProxy = 5E8479932D4D1AF100D22C95 /* PBXContainerItemProxy */;
		};
		5E84799E2D4D1AF100D22C95 /* PBXTargetDependency */ = {
			isa = PBXTargetDependency;
			target = 5E8479802D4D1AEF00D22C95 /* ApodChallenge */;
			targetProxy = 5E84799D2D4D1AF100D22C95 /* PBXContainerItemProxy */;
		};
/* End PBXTargetDependency section */

/* Begin XCBuildConfiguration section */
		5E8479A42D4D1AF100D22C95 /* Debug */ = {
			isa = XCBuildConfiguration;
			buildSettings = {
				ALWAYS_SEARCH_USER_PATHS = NO;
				ASSETCATALOG_COMPILER_GENERATE_SWIFT_ASSET_SYMBOL_EXTENSIONS = YES;
				CLANG_ANALYZER_NONNULL = YES;
				CLANG_ANALYZER_NUMBER_OBJECT_CONVERSION = YES_AGGRESSIVE;
				CLANG_CXX_LANGUAGE_STANDARD = "gnu++20";
				CLANG_ENABLE_MODULES = YES;
				CLANG_ENABLE_OBJC_ARC = YES;
				CLANG_ENABLE_OBJC_WEAK = YES;
				CLANG_WARN_BLOCK_CAPTURE_AUTORELEASING = YES;
				CLANG_WARN_BOOL_CONVERSION = YES;
				CLANG_WARN_COMMA = YES;
				CLANG_WARN_CONSTANT_CONVERSION = YES;
				CLANG_WARN_DEPRECATED_OBJC_IMPLEMENTATIONS = YES;
				CLANG_WARN_DIRECT_OBJC_ISA_USAGE = YES_ERROR;
				CLANG_WARN_DOCUMENTATION_COMMENTS = YES;
				CLANG_WARN_EMPTY_BODY = YES;
				CLANG_WARN_ENUM_CONVERSION = YES;
				CLANG_WARN_INFINITE_RECURSION = YES;
				CLANG_WARN_INT_CONVERSION = YES;
				CLANG_WARN_NON_LITERAL_NULL_CONVERSION = YES;
				CLANG_WARN_OBJC_IMPLICIT_RETAIN_SELF = YES;
				CLANG_WARN_OBJC_LITERAL_CONVERSION = YES;
				CLANG_WARN_OBJC_ROOT_CLASS = YES_ERROR;
				CLANG_WARN_QUOTED_INCLUDE_IN_FRAMEWORK_HEADER = YES;
				CLANG_WARN_RANGE_LOOP_ANALYSIS = YES;
				CLANG_WARN_STRICT_PROTOTYPES = YES;
				CLANG_WARN_SUSPICIOUS_MOVE = YES;
				CLANG_WARN_UNGUARDED_AVAILABILITY = YES_AGGRESSIVE;
				CLANG_WARN_UNREACHABLE_CODE = YES;
				CLANG_WARN__DUPLICATE_METHOD_MATCH = YES;
				COPY_PHASE_STRIP = NO;
				DEBUG_INFORMATION_FORMAT = dwarf;
				ENABLE_STRICT_OBJC_MSGSEND = YES;
				ENABLE_TESTABILITY = YES;
				ENABLE_USER_SCRIPT_SANDBOXING = YES;
				GCC_C_LANGUAGE_STANDARD = gnu17;
				GCC_DYNAMIC_NO_PIC = NO;
				GCC_NO_COMMON_BLOCKS = YES;
				GCC_OPTIMIZATION_LEVEL = 0;
				GCC_PREPROCESSOR_DEFINITIONS = (
					"DEBUG=1",
					"$(inherited)",
				);
				GCC_WARN_64_TO_32_BIT_CONVERSION = YES;
				GCC_WARN_ABOUT_RETURN_TYPE = YES_ERROR;
				GCC_WARN_UNDECLARED_SELECTOR = YES;
				GCC_WARN_UNINITIALIZED_AUTOS = YES_AGGRESSIVE;
				GCC_WARN_UNUSED_FUNCTION = YES;
				GCC_WARN_UNUSED_VARIABLE = YES;
				LOCALIZATION_PREFERS_STRING_CATALOGS = YES;
				MTL_ENABLE_DEBUG_INFO = INCLUDE_SOURCE;
				MTL_FAST_MATH = YES;
				ONLY_ACTIVE_ARCH = YES;
				SWIFT_ACTIVE_COMPILATION_CONDITIONS = "DEBUG $(inherited)";
				SWIFT_OPTIMIZATION_LEVEL = "-Onone";
			};
			name = Debug;
		};
		5E8479A52D4D1AF100D22C95 /* Release */ = {
			isa = XCBuildConfiguration;
			buildSettings = {
				ALWAYS_SEARCH_USER_PATHS = NO;
				ASSETCATALOG_COMPILER_GENERATE_SWIFT_ASSET_SYMBOL_EXTENSIONS = YES;
				CLANG_ANALYZER_NONNULL = YES;
				CLANG_ANALYZER_NUMBER_OBJECT_CONVERSION = YES_AGGRESSIVE;
				CLANG_CXX_LANGUAGE_STANDARD = "gnu++20";
				CLANG_ENABLE_MODULES = YES;
				CLANG_ENABLE_OBJC_ARC = YES;
				CLANG_ENABLE_OBJC_WEAK = YES;
				CLANG_WARN_BLOCK_CAPTURE_AUTORELEASING = YES;
				CLANG_WARN_BOOL_CONVERSION = YES;
				CLANG_WARN_COMMA = YES;
				CLANG_WARN_CONSTANT_CONVERSION = YES;
				CLANG_WARN_DEPRECATED_OBJC_IMPLEMENTATIONS = YES;
				CLANG_WARN_DIRECT_OBJC_ISA_USAGE = YES_ERROR;
				CLANG_WARN_DOCUMENTATION_COMMENTS = YES;
				CLANG_WARN_EMPTY_BODY = YES;
				CLANG_WARN_ENUM_CONVERSION = YES;
				CLANG_WARN_INFINITE_RECURSION = YES;
				CLANG_WARN_INT_CONVERSION = YES;
				CLANG_WARN_NON_LITERAL_NULL_CONVERSION = YES;
				CLANG_WARN_OBJC_IMPLICIT_RETAIN_SELF = YES;
				CLANG_WARN_OBJC_LITERAL_CONVERSION = YES;
				CLANG_WARN_OBJC_ROOT_CLASS = YES_ERROR;
				CLANG_WARN_QUOTED_INCLUDE_IN_FRAMEWORK_HEADER = YES;
				CLANG_WARN_RANGE_LOOP_ANALYSIS = YES;
				CLANG_WARN_STRICT_PROTOTYPES = YES;
				CLANG_WARN_SUSPICIOUS_MOVE = YES;
				CLANG_WARN_UNGUARDED_AVAILABILITY = YES_AGGRESSIVE;
				CLANG_WARN_UNREACHABLE_CODE = YES;
				CLANG_WARN__DUPLICATE_METHOD_MATCH = YES;
				COPY_PHASE_STRIP = NO;
				DEBUG_INFORMATION_FORMAT = "dwarf-with-dsym";
				ENABLE_NS_ASSERTIONS = NO;
				ENABLE_STRICT_OBJC_MSGSEND = YES;
				ENABLE_USER_SCRIPT_SANDBOXING = YES;
				GCC_C_LANGUAGE_STANDARD = gnu17;
				GCC_NO_COMMON_BLOCKS = YES;
				GCC_WARN_64_TO_32_BIT_CONVERSION = YES;
				GCC_WARN_ABOUT_RETURN_TYPE = YES_ERROR;
				GCC_WARN_UNDECLARED_SELECTOR = YES;
				GCC_WARN_UNINITIALIZED_AUTOS = YES_AGGRESSIVE;
				GCC_WARN_UNUSED_FUNCTION = YES;
				GCC_WARN_UNUSED_VARIABLE = YES;
				LOCALIZATION_PREFERS_STRING_CATALOGS = YES;
				MTL_ENABLE_DEBUG_INFO = NO;
				MTL_FAST_MATH = YES;
				SWIFT_COMPILATION_MODE = wholemodule;
			};
			name = Release;
		};
		5E8479A72D4D1AF100D22C95 /* Debug */ = {
			isa = XCBuildConfiguration;
			buildSettings = {
				ASSETCATALOG_COMPILER_APPICON_NAME = AppIcon;
				ASSETCATALOG_COMPILER_GLOBAL_ACCENT_COLOR_NAME = AccentColor;
				CODE_SIGN_ENTITLEMENTS = ApodChallenge/ApodChallenge.entitlements;
				CODE_SIGN_STYLE = Automatic;
				CURRENT_PROJECT_VERSION = 1;
				DEVELOPMENT_ASSET_PATHS = "\"ApodChallenge/Preview Content\"";
				DEVELOPMENT_TEAM = 2P2FZFB6GJ;
				ENABLE_HARDENED_RUNTIME = YES;
				ENABLE_PREVIEWS = YES;
				GENERATE_INFOPLIST_FILE = YES;
				INFOPLIST_FILE = ApodChallenge/Info.plist;
				"INFOPLIST_KEY_UIApplicationSceneManifest_Generation[sdk=iphoneos*]" = YES;
				"INFOPLIST_KEY_UIApplicationSceneManifest_Generation[sdk=iphonesimulator*]" = YES;
				"INFOPLIST_KEY_UIApplicationSupportsIndirectInputEvents[sdk=iphoneos*]" = YES;
				"INFOPLIST_KEY_UIApplicationSupportsIndirectInputEvents[sdk=iphonesimulator*]" = YES;
				"INFOPLIST_KEY_UILaunchScreen_Generation[sdk=iphoneos*]" = YES;
				"INFOPLIST_KEY_UILaunchScreen_Generation[sdk=iphonesimulator*]" = YES;
				"INFOPLIST_KEY_UIStatusBarStyle[sdk=iphoneos*]" = UIStatusBarStyleDefault;
				"INFOPLIST_KEY_UIStatusBarStyle[sdk=iphonesimulator*]" = UIStatusBarStyleDefault;
				INFOPLIST_KEY_UISupportedInterfaceOrientations_iPad = "UIInterfaceOrientationPortrait UIInterfaceOrientationPortraitUpsideDown UIInterfaceOrientationLandscapeLeft UIInterfaceOrientationLandscapeRight";
				INFOPLIST_KEY_UISupportedInterfaceOrientations_iPhone = "UIInterfaceOrientationPortrait UIInterfaceOrientationLandscapeLeft UIInterfaceOrientationLandscapeRight";
				IPHONEOS_DEPLOYMENT_TARGET = 16.6;
				LD_RUNPATH_SEARCH_PATHS = "@executable_path/Frameworks";
				"LD_RUNPATH_SEARCH_PATHS[sdk=macosx*]" = "@executable_path/../Frameworks";
				MACOSX_DEPLOYMENT_TARGET = 15.2;
				MARKETING_VERSION = 1.0;
				PRODUCT_BUNDLE_IDENTIFIER = com.andre.ApodChallenge;
				PRODUCT_NAME = "$(TARGET_NAME)";
				SDKROOT = auto;
				SUPPORTED_PLATFORMS = "iphoneos iphonesimulator macosx xros xrsimulator";
				SWIFT_EMIT_LOC_STRINGS = YES;
				SWIFT_VERSION = 5.0;
				TARGETED_DEVICE_FAMILY = "1,2,7";
				XROS_DEPLOYMENT_TARGET = 2.2;
			};
			name = Debug;
		};
		5E8479A82D4D1AF100D22C95 /* Release */ = {
			isa = XCBuildConfiguration;
			buildSettings = {
				ASSETCATALOG_COMPILER_APPICON_NAME = AppIcon;
				ASSETCATALOG_COMPILER_GLOBAL_ACCENT_COLOR_NAME = AccentColor;
				CODE_SIGN_ENTITLEMENTS = ApodChallenge/ApodChallenge.entitlements;
				CODE_SIGN_STYLE = Automatic;
				CURRENT_PROJECT_VERSION = 1;
				DEVELOPMENT_ASSET_PATHS = "\"ApodChallenge/Preview Content\"";
				DEVELOPMENT_TEAM = 2P2FZFB6GJ;
				ENABLE_HARDENED_RUNTIME = YES;
				ENABLE_PREVIEWS = YES;
				GENERATE_INFOPLIST_FILE = YES;
				INFOPLIST_FILE = ApodChallenge/Info.plist;
				"INFOPLIST_KEY_UIApplicationSceneManifest_Generation[sdk=iphoneos*]" = YES;
				"INFOPLIST_KEY_UIApplicationSceneManifest_Generation[sdk=iphonesimulator*]" = YES;
				"INFOPLIST_KEY_UIApplicationSupportsIndirectInputEvents[sdk=iphoneos*]" = YES;
				"INFOPLIST_KEY_UIApplicationSupportsIndirectInputEvents[sdk=iphonesimulator*]" = YES;
				"INFOPLIST_KEY_UILaunchScreen_Generation[sdk=iphoneos*]" = YES;
				"INFOPLIST_KEY_UILaunchScreen_Generation[sdk=iphonesimulator*]" = YES;
				"INFOPLIST_KEY_UIStatusBarStyle[sdk=iphoneos*]" = UIStatusBarStyleDefault;
				"INFOPLIST_KEY_UIStatusBarStyle[sdk=iphonesimulator*]" = UIStatusBarStyleDefault;
				INFOPLIST_KEY_UISupportedInterfaceOrientations_iPad = "UIInterfaceOrientationPortrait UIInterfaceOrientationPortraitUpsideDown UIInterfaceOrientationLandscapeLeft UIInterfaceOrientationLandscapeRight";
				INFOPLIST_KEY_UISupportedInterfaceOrientations_iPhone = "UIInterfaceOrientationPortrait UIInterfaceOrientationLandscapeLeft UIInterfaceOrientationLandscapeRight";
				IPHONEOS_DEPLOYMENT_TARGET = 16.6;
				LD_RUNPATH_SEARCH_PATHS = "@executable_path/Frameworks";
				"LD_RUNPATH_SEARCH_PATHS[sdk=macosx*]" = "@executable_path/../Frameworks";
				MACOSX_DEPLOYMENT_TARGET = 15.2;
				MARKETING_VERSION = 1.0;
				PRODUCT_BUNDLE_IDENTIFIER = com.andre.ApodChallenge;
				PRODUCT_NAME = "$(TARGET_NAME)";
				SDKROOT = auto;
				SUPPORTED_PLATFORMS = "iphoneos iphonesimulator macosx xros xrsimulator";
				SWIFT_EMIT_LOC_STRINGS = YES;
				SWIFT_VERSION = 5.0;
				TARGETED_DEVICE_FAMILY = "1,2,7";
				XROS_DEPLOYMENT_TARGET = 2.2;
			};
			name = Release;
		};
		5E8479AA2D4D1AF100D22C95 /* Debug */ = {
			isa = XCBuildConfiguration;
			buildSettings = {
				BUNDLE_LOADER = "$(TEST_HOST)";
				CODE_SIGN_STYLE = Automatic;
				CURRENT_PROJECT_VERSION = 1;
				DEVELOPMENT_TEAM = 2P2FZFB6GJ;
				GENERATE_INFOPLIST_FILE = YES;
				IPHONEOS_DEPLOYMENT_TARGET = 18.2;
				MACOSX_DEPLOYMENT_TARGET = 15.2;
				MARKETING_VERSION = 1.0;
				PRODUCT_BUNDLE_IDENTIFIER = com.andre.ApodChallengeTests;
				PRODUCT_NAME = "$(TARGET_NAME)";
				SDKROOT = auto;
				SUPPORTED_PLATFORMS = "iphoneos iphonesimulator macosx xros xrsimulator";
				SWIFT_EMIT_LOC_STRINGS = NO;
				SWIFT_VERSION = 5.0;
				TARGETED_DEVICE_FAMILY = "1,2,7";
				TEST_HOST = "$(BUILT_PRODUCTS_DIR)/ApodChallenge.app/$(BUNDLE_EXECUTABLE_FOLDER_PATH)/ApodChallenge";
				XROS_DEPLOYMENT_TARGET = 2.2;
			};
			name = Debug;
		};
		5E8479AB2D4D1AF100D22C95 /* Release */ = {
			isa = XCBuildConfiguration;
			buildSettings = {
				BUNDLE_LOADER = "$(TEST_HOST)";
				CODE_SIGN_STYLE = Automatic;
				CURRENT_PROJECT_VERSION = 1;
				DEVELOPMENT_TEAM = 2P2FZFB6GJ;
				GENERATE_INFOPLIST_FILE = YES;
				IPHONEOS_DEPLOYMENT_TARGET = 18.2;
				MACOSX_DEPLOYMENT_TARGET = 15.2;
				MARKETING_VERSION = 1.0;
				PRODUCT_BUNDLE_IDENTIFIER = com.andre.ApodChallengeTests;
				PRODUCT_NAME = "$(TARGET_NAME)";
				SDKROOT = auto;
				SUPPORTED_PLATFORMS = "iphoneos iphonesimulator macosx xros xrsimulator";
				SWIFT_EMIT_LOC_STRINGS = NO;
				SWIFT_VERSION = 5.0;
				TARGETED_DEVICE_FAMILY = "1,2,7";
				TEST_HOST = "$(BUILT_PRODUCTS_DIR)/ApodChallenge.app/$(BUNDLE_EXECUTABLE_FOLDER_PATH)/ApodChallenge";
				XROS_DEPLOYMENT_TARGET = 2.2;
			};
			name = Release;
		};
		5E8479AD2D4D1AF100D22C95 /* Debug */ = {
			isa = XCBuildConfiguration;
			buildSettings = {
				CODE_SIGN_STYLE = Automatic;
				CURRENT_PROJECT_VERSION = 1;
				DEVELOPMENT_TEAM = 2P2FZFB6GJ;
				GENERATE_INFOPLIST_FILE = YES;
				IPHONEOS_DEPLOYMENT_TARGET = 18.2;
				MACOSX_DEPLOYMENT_TARGET = 15.2;
				MARKETING_VERSION = 1.0;
				PRODUCT_BUNDLE_IDENTIFIER = com.andre.ApodChallengeUITests;
				PRODUCT_NAME = "$(TARGET_NAME)";
				SDKROOT = auto;
				SUPPORTED_PLATFORMS = "iphoneos iphonesimulator macosx xros xrsimulator";
				SWIFT_EMIT_LOC_STRINGS = NO;
				SWIFT_VERSION = 5.0;
				TARGETED_DEVICE_FAMILY = "1,2,7";
				TEST_TARGET_NAME = ApodChallenge;
				XROS_DEPLOYMENT_TARGET = 2.2;
			};
			name = Debug;
		};
		5E8479AE2D4D1AF100D22C95 /* Release */ = {
			isa = XCBuildConfiguration;
			buildSettings = {
				CODE_SIGN_STYLE = Automatic;
				CURRENT_PROJECT_VERSION = 1;
				DEVELOPMENT_TEAM = 2P2FZFB6GJ;
				GENERATE_INFOPLIST_FILE = YES;
				IPHONEOS_DEPLOYMENT_TARGET = 18.2;
				MACOSX_DEPLOYMENT_TARGET = 15.2;
				MARKETING_VERSION = 1.0;
				PRODUCT_BUNDLE_IDENTIFIER = com.andre.ApodChallengeUITests;
				PRODUCT_NAME = "$(TARGET_NAME)";
				SDKROOT = auto;
				SUPPORTED_PLATFORMS = "iphoneos iphonesimulator macosx xros xrsimulator";
				SWIFT_EMIT_LOC_STRINGS = NO;
				SWIFT_VERSION = 5.0;
				TARGETED_DEVICE_FAMILY = "1,2,7";
				TEST_TARGET_NAME = ApodChallenge;
				XROS_DEPLOYMENT_TARGET = 2.2;
			};
			name = Release;
		};
/* End XCBuildConfiguration section */

/* Begin XCConfigurationList section */
		5E84797C2D4D1AEF00D22C95 /* Build configuration list for PBXProject "ApodChallenge" */ = {
			isa = XCConfigurationList;
			buildConfigurations = (
				5E8479A42D4D1AF100D22C95 /* Debug */,
				5E8479A52D4D1AF100D22C95 /* Release */,
			);
			defaultConfigurationIsVisible = 0;
			defaultConfigurationName = Release;
		};
		5E8479A62D4D1AF100D22C95 /* Build configuration list for PBXNativeTarget "ApodChallenge" */ = {
			isa = XCConfigurationList;
			buildConfigurations = (
				5E8479A72D4D1AF100D22C95 /* Debug */,
				5E8479A82D4D1AF100D22C95 /* Release */,
			);
			defaultConfigurationIsVisible = 0;
			defaultConfigurationName = Release;
		};
		5E8479A92D4D1AF100D22C95 /* Build configuration list for PBXNativeTarget "ApodChallengeTests" */ = {
			isa = XCConfigurationList;
			buildConfigurations = (
				5E8479AA2D4D1AF100D22C95 /* Debug */,
				5E8479AB2D4D1AF100D22C95 /* Release */,
			);
			defaultConfigurationIsVisible = 0;
			defaultConfigurationName = Release;
		};
		5E8479AC2D4D1AF100D22C95 /* Build configuration list for PBXNativeTarget "ApodChallengeUITests" */ = {
			isa = XCConfigurationList;
			buildConfigurations = (
				5E8479AD2D4D1AF100D22C95 /* Debug */,
				5E8479AE2D4D1AF100D22C95 /* Release */,
			);
			defaultConfigurationIsVisible = 0;
			defaultConfigurationName = Release;
		};
/* End XCConfigurationList section */

/* Begin XCRemoteSwiftPackageReference section */
		5E8479CD2D4D1F7100D22C95 /* XCRemoteSwiftPackageReference "realm-swift" */ = {
			isa = XCRemoteSwiftPackageReference;
			repositoryURL = "https://github.com/realm/realm-swift";
			requirement = {
				branch = master;
				kind = branch;
			};
		};
		5E8479D52D4D268100D22C95 /* XCRemoteSwiftPackageReference "Alamofire" */ = {
			isa = XCRemoteSwiftPackageReference;
			repositoryURL = "https://github.com/Alamofire/Alamofire.git";
			requirement = {
				kind = upToNextMajorVersion;
				minimumVersion = 5.10.2;
			};
		};
		5E8479E22D4EA3E200D22C95 /* XCRemoteSwiftPackageReference "swift-snapshot-testing" */ = {
			isa = XCRemoteSwiftPackageReference;
			repositoryURL = "https://github.com/pointfreeco/swift-snapshot-testing";
			requirement = {
				kind = upToNextMajorVersion;
				minimumVersion = 1.18.0;
			};
		};
/* End XCRemoteSwiftPackageReference section */

/* Begin XCSwiftPackageProductDependency section */
		5E8479CF2D4D1F8800D22C95 /* RealmSwift */ = {
			isa = XCSwiftPackageProductDependency;
			package = 5E8479CD2D4D1F7100D22C95 /* XCRemoteSwiftPackageReference "realm-swift" */;
			productName = RealmSwift;
		};
		5E8479D62D4D268100D22C95 /* Alamofire */ = {
			isa = XCSwiftPackageProductDependency;
			package = 5E8479D52D4D268100D22C95 /* XCRemoteSwiftPackageReference "Alamofire" */;
			productName = Alamofire;
		};
		5E8479E32D4EA3E200D22C95 /* SnapshotTesting */ = {
			isa = XCSwiftPackageProductDependency;
			package = 5E8479E22D4EA3E200D22C95 /* XCRemoteSwiftPackageReference "swift-snapshot-testing" */;
			productName = SnapshotTesting;
		};
/* End XCSwiftPackageProductDependency section */
	};
	rootObject = 5E8479792D4D1AEF00D22C95 /* Project object */;
}
